// !$*UTF8*$!
{
	archiveVersion = 1;
	classes = {
	};
	objectVersion = 50;
	objects = {

/* Begin PBXFileReference section */
		79EF425E25DF0E1C0060DAE6 /* Lab6notextracreditonathannelson.cpp */ = {isa = PBXFileReference; lastKnownFileType = sourcecode.cpp.cpp; path = Lab6notextracreditonathannelson.cpp; sourceTree = "<group>"; };
		79EF425F25E430D10060DAE6 /* OOOC.cpp */ = {isa = PBXFileReference; lastKnownFileType = sourcecode.cpp.cpp; path = OOOC.cpp; sourceTree = "<group>"; };
/* End PBXFileReference section */

/* Begin PBXGroup section */
		79EF425725DF0E010060DAE6 = {
			isa = PBXGroup;
			children = (
				79EF425F25E430D10060DAE6 /* OOOC.cpp */,
				79EF425E25DF0E1C0060DAE6 /* Lab6notextracreditonathannelson.cpp */,
			);
			sourceTree = "<group>";
		};
/* End PBXGroup section */

/* Begin PBXProject section */
		79EF425825DF0E010060DAE6 /* Project object */ = {
			isa = PBXProject;
			attributes = {
				LastUpgradeCheck = 1240;
			};
			buildConfigurationList = 79EF425B25DF0E010060DAE6 /* Build configuration list for PBXProject "Lab6" */;
			compatibilityVersion = "Xcode 9.3";
			developmentRegion = en;
			hasScannedForEncodings = 0;
			knownRegions = (
				en,
				Base,
			);
			mainGroup = 79EF425725DF0E010060DAE6;
			projectDirPath = "";
			projectRoot = "";
			targets = (
			);
		};
/* End PBXProject section */

/* Begin XCBuildConfiguration section */
		79EF425C25DF0E010060DAE6 /* Debug */ = {
			isa = XCBuildConfiguration;
			buildSettings = {
			};
			name = Debug;
		};
		79EF425D25DF0E010060DAE6 /* Release */ = {
			isa = XCBuildConfiguration;
			buildSettings = {
			};
			name = Release;
		};
/* End XCBuildConfiguration section */

/* Begin XCConfigurationList section */
		79EF425B25DF0E010060DAE6 /* Build configuration list for PBXProject "Lab6" */ = {
			isa = XCConfigurationList;
			buildConfigurations = (
				79EF425C25DF0E010060DAE6 /* Debug */,
				79EF425D25DF0E010060DAE6 /* Release */,
			);
			defaultConfigurationIsVisible = 0;
			defaultConfigurationName = Release;
		};
/* End XCConfigurationList section */
	};
	rootObject = 79EF425825DF0E010060DAE6 /* Project object */;
}
